{
  "name": "rsademo",
  "version": "1.0.0",
  "lockfileVersion": 1,
  "requires": true,
  "dependencies": {
    "jsrsasign": {
      "version": "10.5.15",
      "resolved": "https://repo.huaweicloud.com/repository/npm/jsrsasign/-/jsrsasign-10.5.15.tgz",
      "integrity": "sha512-dcAEctSqHZb32ydQOLRSZl1l/SDODnVbihpwTdJYjAysY4UV+JaJFxgfDGxHry0mI1WSyQ0qrm2Yn5QSkCIP9w=="
    }
  }
}
